// !$*UTF8*$!
{
	archiveVersion = 1;
	classes = {
	};
	objectVersion = 46;
	objects = {

/* Begin PBXBuildFile section */
		0426DB0215A080DC0044BF5D /* UIKit.framework in Frameworks */ = {isa = PBXBuildFile; fileRef = 0426DB0115A080DC0044BF5D /* UIKit.framework */; };
		0426DB0415A080DC0044BF5D /* Foundation.framework in Frameworks */ = {isa = PBXBuildFile; fileRef = 0426DB0315A080DC0044BF5D /* Foundation.framework */; };
		0426DB0615A080DC0044BF5D /* CoreGraphics.framework in Frameworks */ = {isa = PBXBuildFile; fileRef = 0426DB0515A080DC0044BF5D /* CoreGraphics.framework */; };
		0426DB0C15A080DC0044BF5D /* InfoPlist.strings in Resources */ = {isa = PBXBuildFile; fileRef = 0426DB0A15A080DC0044BF5D /* InfoPlist.strings */; };
		0426DB0E15A080DC0044BF5D /* main.m in Sources */ = {isa = PBXBuildFile; fileRef = 0426DB0D15A080DC0044BF5D /* main.m */; };
		0426DB1215A080DC0044BF5D /* AppDelegate.m in Sources */ = {isa = PBXBuildFile; fileRef = 0426DB1115A080DC0044BF5D /* AppDelegate.m */; };
		0426DB1515A080DC0044BF5D /* MainStoryboard.storyboard in Resources */ = {isa = PBXBuildFile; fileRef = 0426DB1315A080DC0044BF5D /* MainStoryboard.storyboard */; };
		0426DB1815A080DC0044BF5D /* ViewController.m in Sources */ = {isa = PBXBuildFile; fileRef = 0426DB1715A080DC0044BF5D /* ViewController.m */; };
		047B2A9415A0888F00EFE585 /* Sub1Storyboard.storyboard in Resources */ = {isa = PBXBuildFile; fileRef = 047B2A9215A0888F00EFE585 /* Sub1Storyboard.storyboard */; };
		047B2A9515A0888F00EFE585 /* Sub2Storyboard.storyboard in Resources */ = {isa = PBXBuildFile; fileRef = 047B2A9315A0888F00EFE585 /* Sub2Storyboard.storyboard */; };
		047B2A9A15A08A4E00EFE585 /* Sub1Scene1ViewController.m in Sources */ = {isa = PBXBuildFile; fileRef = 047B2A9915A08A4E00EFE585 /* Sub1Scene1ViewController.m */; };
		047B2A9D15A08A5E00EFE585 /* Sub1Scene2ViewController.m in Sources */ = {isa = PBXBuildFile; fileRef = 047B2A9C15A08A5E00EFE585 /* Sub1Scene2ViewController.m */; };
		047B2AA015A08A7300EFE585 /* Sub2Scene1ViewController.m in Sources */ = {isa = PBXBuildFile; fileRef = 047B2A9F15A08A7300EFE585 /* Sub2Scene1ViewController.m */; };
		047B2AA315A08A8800EFE585 /* Sub2Scene2ViewController.m in Sources */ = {isa = PBXBuildFile; fileRef = 047B2AA215A08A8800EFE585 /* Sub2Scene2ViewController.m */; };
/* End PBXBuildFile section */

/* Begin PBXFileReference section */
		0426DAFD15A080DC0044BF5D /* CallOtherStoryBoardSample.app */ = {isa = PBXFileReference; explicitFileType = wrapper.application; includeInIndex = 0; path = CallOtherStoryBoardSample.app; sourceTree = BUILT_PRODUCTS_DIR; };
		0426DB0115A080DC0044BF5D /* UIKit.framework */ = {isa = PBXFileReference; lastKnownFileType = wrapper.framework; name = UIKit.framework; path = System/Library/Frameworks/UIKit.framework; sourceTree = SDKROOT; };
		0426DB0315A080DC0044BF5D /* Foundation.framework */ = {isa = PBXFileReference; lastKnownFileType = wrapper.framework; name = Foundation.framework; path = System/Library/Frameworks/Foundation.framework; sourceTree = SDKROOT; };
		0426DB0515A080DC0044BF5D /* CoreGraphics.framework */ = {isa = PBXFileReference; lastKnownFileType = wrapper.framework; name = CoreGraphics.framework; path = System/Library/Frameworks/CoreGraphics.framework; sourceTree = SDKROOT; };
		0426DB0915A080DC0044BF5D /* CallOtherStoryBoardSample-Info.plist */ = {isa = PBXFileReference; lastKnownFileType = text.plist.xml; path = "CallOtherStoryBoardSample-Info.plist"; sourceTree = "<group>"; };
		0426DB0B15A080DC0044BF5D /* en */ = {isa = PBXFileReference; lastKnownFileType = text.plist.strings; name = en; path = en.lproj/InfoPlist.strings; sourceTree = "<group>"; };
		0426DB0D15A080DC0044BF5D /* main.m */ = {isa = PBXFileReference; lastKnownFileType = sourcecode.c.objc; path = main.m; sourceTree = "<group>"; };
		0426DB0F15A080DC0044BF5D /* CallOtherStoryBoardSample-Prefix.pch */ = {isa = PBXFileReference; lastKnownFileType = sourcecode.c.h; path = "CallOtherStoryBoardSample-Prefix.pch"; sourceTree = "<group>"; };
		0426DB1015A080DC0044BF5D /* AppDelegate.h */ = {isa = PBXFileReference; lastKnownFileType = sourcecode.c.h; path = AppDelegate.h; sourceTree = "<group>"; };
		0426DB1115A080DC0044BF5D /* AppDelegate.m */ = {isa = PBXFileReference; lastKnownFileType = sourcecode.c.objc; path = AppDelegate.m; sourceTree = "<group>"; };
		0426DB1415A080DC0044BF5D /* en */ = {isa = PBXFileReference; lastKnownFileType = file.storyboard; name = en; path = en.lproj/MainStoryboard.storyboard; sourceTree = "<group>"; };
		0426DB1715A080DC0044BF5D /* ViewController.m */ = {isa = PBXFileReference; lastKnownFileType = sourcecode.c.objc; path = ViewController.m; sourceTree = "<group>"; };
		047B2A9215A0888F00EFE585 /* Sub1Storyboard.storyboard */ = {isa = PBXFileReference; fileEncoding = 4; lastKnownFileType = file.storyboard; path = Sub1Storyboard.storyboard; sourceTree = "<group>"; };
		047B2A9315A0888F00EFE585 /* Sub2Storyboard.storyboard */ = {isa = PBXFileReference; fileEncoding = 4; lastKnownFileType = file.storyboard; path = Sub2Storyboard.storyboard; sourceTree = "<group>"; };
		047B2A9715A089FA00EFE585 /* ViewController.h */ = {isa = PBXFileReference; lastKnownFileType = sourcecode.c.h; path = ViewController.h; sourceTree = "<group>"; };
		047B2A9815A08A4E00EFE585 /* Sub1Scene1ViewController.h */ = {isa = PBXFileReference; fileEncoding = 4; lastKnownFileType = sourcecode.c.h; path = Sub1Scene1ViewController.h; sourceTree = "<group>"; };
		047B2A9915A08A4E00EFE585 /* Sub1Scene1ViewController.m */ = {isa = PBXFileReference; fileEncoding = 4; lastKnownFileType = sourcecode.c.objc; path = Sub1Scene1ViewController.m; sourceTree = "<group>"; };
		047B2A9B15A08A5E00EFE585 /* Sub1Scene2ViewController.h */ = {isa = PBXFileReference; fileEncoding = 4; lastKnownFileType = sourcecode.c.h; path = Sub1Scene2ViewController.h; sourceTree = "<group>"; };
		047B2A9C15A08A5E00EFE585 /* Sub1Scene2ViewController.m */ = {isa = PBXFileReference; fileEncoding = 4; lastKnownFileType = sourcecode.c.objc; path = Sub1Scene2ViewController.m; sourceTree = "<group>"; };
		047B2A9E15A08A7300EFE585 /* Sub2Scene1ViewController.h */ = {isa = PBXFileReference; fileEncoding = 4; lastKnownFileType = sourcecode.c.h; path = Sub2Scene1ViewController.h; sourceTree = "<group>"; };
		047B2A9F15A08A7300EFE585 /* Sub2Scene1ViewController.m */ = {isa = PBXFileReference; fileEncoding = 4; lastKnownFileType = sourcecode.c.objc; path = Sub2Scene1ViewController.m; sourceTree = "<group>"; };
		047B2AA115A08A8800EFE585 /* Sub2Scene2ViewController.h */ = {isa = PBXFileReference; fileEncoding = 4; lastKnownFileType = sourcecode.c.h; path = Sub2Scene2ViewController.h; sourceTree = "<group>"; };
		047B2AA215A08A8800EFE585 /* Sub2Scene2ViewController.m */ = {isa = PBXFileReference; fileEncoding = 4; lastKnownFileType = sourcecode.c.objc; path = Sub2Scene2ViewController.m; sourceTree = "<group>"; };
/* End PBXFileReference section */

/* Begin PBXFrameworksBuildPhase section */
		0426DAFA15A080DC0044BF5D /* Frameworks */ = {
			isa = PBXFrameworksBuildPhase;
			buildActionMask = 2147483647;
			files = (
				0426DB0215A080DC0044BF5D /* UIKit.framework in Frameworks */,
				0426DB0415A080DC0044BF5D /* Foundation.framework in Frameworks */,
				0426DB0615A080DC0044BF5D /* CoreGraphics.framework in Frameworks */,
			);
			runOnlyForDeploymentPostprocessing = 0;
		};
/* End PBXFrameworksBuildPhase section */

/* Begin PBXGroup section */
		0426DAF215A080DC0044BF5D = {
			isa = PBXGroup;
			children = (
				0426DB0715A080DC0044BF5D /* CallOtherStoryBoardSample */,
				0426DB0015A080DC0044BF5D /* Frameworks */,
				0426DAFE15A080DC0044BF5D /* Products */,
			);
			sourceTree = "<group>";
		};
		0426DAFE15A080DC0044BF5D /* Products */ = {
			isa = PBXGroup;
			children = (
				0426DAFD15A080DC0044BF5D /* CallOtherStoryBoardSample.app */,
			);
			name = Products;
			sourceTree = "<group>";
		};
		0426DB0015A080DC0044BF5D /* Frameworks */ = {
			isa = PBXGroup;
			children = (
				0426DB0115A080DC0044BF5D /* UIKit.framework */,
				0426DB0315A080DC0044BF5D /* Foundation.framework */,
				0426DB0515A080DC0044BF5D /* CoreGraphics.framework */,
			);
			name = Frameworks;
			sourceTree = "<group>";
		};
		0426DB0715A080DC0044BF5D /* CallOtherStoryBoardSample */ = {
			isa = PBXGroup;
			children = (
				047B2A9815A08A4E00EFE585 /* Sub1Scene1ViewController.h */,
				047B2A9915A08A4E00EFE585 /* Sub1Scene1ViewController.m */,
				047B2A9B15A08A5E00EFE585 /* Sub1Scene2ViewController.h */,
				047B2A9C15A08A5E00EFE585 /* Sub1Scene2ViewController.m */,
				047B2A9215A0888F00EFE585 /* Sub1Storyboard.storyboard */,
				047B2A9E15A08A7300EFE585 /* Sub2Scene1ViewController.h */,
				047B2A9F15A08A7300EFE585 /* Sub2Scene1ViewController.m */,
				047B2AA115A08A8800EFE585 /* Sub2Scene2ViewController.h */,
				047B2AA215A08A8800EFE585 /* Sub2Scene2ViewController.m */,
				047B2A9315A0888F00EFE585 /* Sub2Storyboard.storyboard */,
				0426DB1015A080DC0044BF5D /* AppDelegate.h */,
				0426DB1115A080DC0044BF5D /* AppDelegate.m */,
				0426DB1315A080DC0044BF5D /* MainStoryboard.storyboard */,
				047B2A9715A089FA00EFE585 /* ViewController.h */,
				0426DB1715A080DC0044BF5D /* ViewController.m */,
				0426DB0815A080DC0044BF5D /* Supporting Files */,
			);
			path = CallOtherStoryBoardSample;
			sourceTree = "<group>";
		};
		0426DB0815A080DC0044BF5D /* Supporting Files */ = {
			isa = PBXGroup;
			children = (
				0426DB0915A080DC0044BF5D /* CallOtherStoryBoardSample-Info.plist */,
				0426DB0A15A080DC0044BF5D /* InfoPlist.strings */,
				0426DB0D15A080DC0044BF5D /* main.m */,
				0426DB0F15A080DC0044BF5D /* CallOtherStoryBoardSample-Prefix.pch */,
			);
			name = "Supporting Files";
			sourceTree = "<group>";
		};
/* End PBXGroup section */

/* Begin PBXNativeTarget section */
		0426DAFC15A080DC0044BF5D /* CallOtherStoryBoardSample */ = {
			isa = PBXNativeTarget;
			buildConfigurationList = 0426DB1B15A080DC0044BF5D /* Build configuration list for PBXNativeTarget "CallOtherStoryBoardSample" */;
			buildPhases = (
				0426DAF915A080DC0044BF5D /* Sources */,
				0426DAFA15A080DC0044BF5D /* Frameworks */,
				0426DAFB15A080DC0044BF5D /* Resources */,
			);
			buildRules = (
			);
			dependencies = (
			);
			name = CallOtherStoryBoardSample;
			productName = CallOtherStoryBoardSample;
			productReference = 0426DAFD15A080DC0044BF5D /* CallOtherStoryBoardSample.app */;
			productType = "com.apple.product-type.application";
		};
/* End PBXNativeTarget section */

/* Begin PBXProject section */
		0426DAF415A080DC0044BF5D /* Project object */ = {
			isa = PBXProject;
			attributes = {
				LastUpgradeCheck = 0430;
				ORGANIZATIONNAME = "mfks17 <mfks17@gmail.com>";
			};
			buildConfigurationList = 0426DAF715A080DC0044BF5D /* Build configuration list for PBXProject "CallOtherStoryBoardSample" */;
			compatibilityVersion = "Xcode 3.2";
			developmentRegion = English;
			hasScannedForEncodings = 0;
			knownRegions = (
				en,
			);
			mainGroup = 0426DAF215A080DC0044BF5D;
			productRefGroup = 0426DAFE15A080DC0044BF5D /* Products */;
			projectDirPath = "";
			projectRoot = "";
			targets = (
				0426DAFC15A080DC0044BF5D /* CallOtherStoryBoardSample */,
			);
		};
/* End PBXProject section */

/* Begin PBXResourcesBuildPhase section */
		0426DAFB15A080DC0044BF5D /* Resources */ = {
			isa = PBXResourcesBuildPhase;
			buildActionMask = 2147483647;
			files = (
				0426DB0C15A080DC0044BF5D /* InfoPlist.strings in Resources */,
				0426DB1515A080DC0044BF5D /* MainStoryboard.storyboard in Resources */,
				047B2A9415A0888F00EFE585 /* Sub1Storyboard.storyboard in Resources */,
				047B2A9515A0888F00EFE585 /* Sub2Storyboard.storyboard in Resources */,
			);
			runOnlyForDeploymentPostprocessing = 0;
		};
/* End PBXResourcesBuildPhase section */

/* Begin PBXSourcesBuildPhase section */
		0426DAF915A080DC0044BF5D /* Sources */ = {
			isa = PBXSourcesBuildPhase;
			buildActionMask = 2147483647;
			files = (
				0426DB0E15A080DC0044BF5D /* main.m in Sources */,
				0426DB1215A080DC0044BF5D /* AppDelegate.m in Sources */,
				0426DB1815A080DC0044BF5D /* ViewController.m in Sources */,
				047B2A9A15A08A4E00EFE585 /* Sub1Scene1ViewController.m in Sources */,
				047B2A9D15A08A5E00EFE585 /* Sub1Scene2ViewController.m in Sources */,
				047B2AA015A08A7300EFE585 /* Sub2Scene1ViewController.m in Sources */,
				047B2AA315A08A8800EFE585 /* Sub2Scene2ViewController.m in Sources */,
			);
			runOnlyForDeploymentPostprocessing = 0;
		};
/* End PBXSourcesBuildPhase section */

/* Begin PBXVariantGroup section */
		0426DB0A15A080DC0044BF5D /* InfoPlist.strings */ = {
			isa = PBXVariantGroup;
			children = (
				0426DB0B15A080DC0044BF5D /* en */,
			);
			name = InfoPlist.strings;
			sourceTree = "<group>";
		};
		0426DB1315A080DC0044BF5D /* MainStoryboard.storyboard */ = {
			isa = PBXVariantGroup;
			children = (
				0426DB1415A080DC0044BF5D /* en */,
			);
			name = MainStoryboard.storyboard;
			sourceTree = "<group>";
		};
/* End PBXVariantGroup section */

/* Begin XCBuildConfiguration section */
		0426DB1915A080DC0044BF5D /* Debug */ = {
			isa = XCBuildConfiguration;
			buildSettings = {
				ALWAYS_SEARCH_USER_PATHS = NO;
				ARCHS = "$(ARCHS_STANDARD_32_BIT)";
				CLANG_ENABLE_OBJC_ARC = YES;
				"CODE_SIGN_IDENTITY[sdk=iphoneos*]" = "iPhone Developer";
				COPY_PHASE_STRIP = NO;
				GCC_C_LANGUAGE_STANDARD = gnu99;
				GCC_DYNAMIC_NO_PIC = NO;
				GCC_OPTIMIZATION_LEVEL = 0;
				GCC_PREPROCESSOR_DEFINITIONS = (
					"DEBUG=1",
					"$(inherited)",
				);
				GCC_SYMBOLS_PRIVATE_EXTERN = NO;
				GCC_VERSION = com.apple.compilers.llvm.clang.1_0;
				GCC_WARN_ABOUT_RETURN_TYPE = YES;
				GCC_WARN_UNINITIALIZED_AUTOS = YES;
				GCC_WARN_UNUSED_VARIABLE = YES;
				IPHONEOS_DEPLOYMENT_TARGET = 5.1;
				SDKROOT = iphoneos;
			};
			name = Debug;
		};
		0426DB1A15A080DC0044BF5D /* Release */ = {
			isa = XCBuildConfiguration;
			buildSettings = {
				ALWAYS_SEARCH_USER_PATHS = NO;
				ARCHS = "$(ARCHS_STANDARD_32_BIT)";
				CLANG_ENABLE_OBJC_ARC = YES;
				"CODE_SIGN_IDENTITY[sdk=iphoneos*]" = "iPhone Developer";
				COPY_PHASE_STRIP = YES;
				GCC_C_LANGUAGE_STANDARD = gnu99;
				GCC_VERSION = com.apple.compilers.llvm.clang.1_0;
				GCC_WARN_ABOUT_RETURN_TYPE = YES;
				GCC_WARN_UNINITIALIZED_AUTOS = YES;
				GCC_WARN_UNUSED_VARIABLE = YES;
				IPHONEOS_DEPLOYMENT_TARGET = 5.1;
				OTHER_CFLAGS = "-DNS_BLOCK_ASSERTIONS=1";
				SDKROOT = iphoneos;
				VALIDATE_PRODUCT = YES;
			};
			name = Release;
		};
		0426DB1C15A080DC0044BF5D /* Debug */ = {
			isa = XCBuildConfiguration;
			buildSettings = {
				GCC_PRECOMPILE_PREFIX_HEADER = YES;
				GCC_PREFIX_HEADER = "CallOtherStoryBoardSample/CallOtherStoryBoardSample-Prefix.pch";
				INFOPLIST_FILE = "CallOtherStoryBoardSample/CallOtherStoryBoardSample-Info.plist";
				PRODUCT_NAME = "$(TARGET_NAME)";
				WRAPPER_EXTENSION = app;
			};
			name = Debug;
		};
		0426DB1D15A080DC0044BF5D /* Release */ = {
			isa = XCBuildConfiguration;
			buildSettings = {
				GCC_PRECOMPILE_PREFIX_HEADER = YES;
				GCC_PREFIX_HEADER = "CallOtherStoryBoardSample/CallOtherStoryBoardSample-Prefix.pch";
				INFOPLIST_FILE = "CallOtherStoryBoardSample/CallOtherStoryBoardSample-Info.plist";
				PRODUCT_NAME = "$(TARGET_NAME)";
				WRAPPER_EXTENSION = app;
			};
			name = Release;
		};
/* End XCBuildConfiguration section */

/* Begin XCConfigurationList section */
		0426DAF715A080DC0044BF5D /* Build configuration list for PBXProject "CallOtherStoryBoardSample" */ = {
			isa = XCConfigurationList;
			buildConfigurations = (
				0426DB1915A080DC0044BF5D /* Debug */,
				0426DB1A15A080DC0044BF5D /* Release */,
			);
			defaultConfigurationIsVisible = 0;
			defaultConfigurationName = Release;
		};
		0426DB1B15A080DC0044BF5D /* Build configuration list for PBXNativeTarget "CallOtherStoryBoardSample" */ = {
			isa = XCConfigurationList;
			buildConfigurations = (
				0426DB1C15A080DC0044BF5D /* Debug */,
				0426DB1D15A080DC0044BF5D /* Release */,
			);
			defaultConfigurationIsVisible = 0;
			defaultConfigurationName = Release;
		};
/* End XCConfigurationList section */
	};
	rootObject = 0426DAF415A080DC0044BF5D /* Project object */;
}
